
Microsoft Visual Studio Solution File, Format Version 12.00
# Visual Studio 15
Project("{FAE04EC0-301F-11D3-BF4B-00C04F79EFBC}") = "WeatherApp.Android", "WeatherApp.Android\WeatherApp.Android.csproj", "{14985D7F-C160-4DDA-81B0-E35400FC2082}"
EndProject
Project("{FAE04EC0-301F-11D3-BF4B-00C04F79EFBC}") = "WeatherApp.iOS", "WeatherApp.iOS\WeatherApp.iOS.csproj", "{50CBDD7A-A6F5-474A-A712-C4E9E14AE999}"
EndProject
Project("{FAE04EC0-301F-11D3-BF4B-00C04F79EFBC}") = "WeatherApp.UITests", "WeatherApp.UITests\WeatherApp.UITests.csproj", "{B19C892E-2628-4CA7-AD27-08D406A3B14B}"
EndProject
Project("{FAE04EC0-301F-11D3-BF4B-00C04F79EFBC}") = "WeatherApp", "WeatherApp\WeatherApp.csproj", "{1317ED49-0F2D-4133-8C21-E11E4CE0E598}"
EndProject
Project("{2150E333-8FDC-42A3-9474-1A3956D46DE8}") = "Mobile", "Mobile", "{6B553A60-E7C8-46EB-B45B-7F2E2D5CA3E2}"
EndProject
Project("{2150E333-8FDC-42A3-9474-1A3956D46DE8}") = "Tests", "Tests", "{87560C2A-CF12-46EE-9ED5-1AAC7D2C8C8D}"
EndProject
Project("{FAE04EC0-301F-11D3-BF4B-00C04F79EFBC}") = "WeatherApp.Tests", "WeatherApp.Tests\WeatherApp.Tests.csproj", "{FEAE3F92-64F2-4F4D-B5E8-2FD02801A685}"
EndProject
Global
	GlobalSection(SolutionConfigurationPlatforms) = preSolution
		Debug|Any CPU = Debug|Any CPU
		Release|Any CPU = Release|Any CPU
		Debug|iPhoneSimulator = Debug|iPhoneSimulator
		Release|iPhoneSimulator = Release|iPhoneSimulator
		Debug|iPhone = Debug|iPhone
		Release|iPhone = Release|iPhone
		Ad-Hoc|iPhone = Ad-Hoc|iPhone
		AppStore|iPhone = AppStore|iPhone
	EndGlobalSection
	GlobalSection(ProjectConfigurationPlatforms) = postSolution
		{14985D7F-C160-4DDA-81B0-E35400FC2082}.Debug|Any CPU.ActiveCfg = Debug|Any CPU
		{14985D7F-C160-4DDA-81B0-E35400FC2082}.Debug|Any CPU.Build.0 = Debug|Any CPU
		{14985D7F-C160-4DDA-81B0-E35400FC2082}.Release|Any CPU.ActiveCfg = Release|Any CPU
		{14985D7F-C160-4DDA-81B0-E35400FC2082}.Release|Any CPU.Build.0 = Release|Any CPU
		{14985D7F-C160-4DDA-81B0-E35400FC2082}.Debug|iPhoneSimulator.ActiveCfg = Debug|Any CPU
		{14985D7F-C160-4DDA-81B0-E35400FC2082}.Debug|iPhoneSimulator.Build.0 = Debug|Any CPU
		{14985D7F-C160-4DDA-81B0-E35400FC2082}.Release|iPhoneSimulator.ActiveCfg = Release|Any CPU
		{14985D7F-C160-4DDA-81B0-E35400FC2082}.Release|iPhoneSimulator.Build.0 = Release|Any CPU
		{14985D7F-C160-4DDA-81B0-E35400FC2082}.Debug|iPhone.ActiveCfg = Debug|Any CPU
		{14985D7F-C160-4DDA-81B0-E35400FC2082}.Debug|iPhone.Build.0 = Debug|Any CPU
		{14985D7F-C160-4DDA-81B0-E35400FC2082}.Release|iPhone.ActiveCfg = Release|Any CPU
		{14985D7F-C160-4DDA-81B0-E35400FC2082}.Release|iPhone.Build.0 = Release|Any CPU
		{14985D7F-C160-4DDA-81B0-E35400FC2082}.Ad-Hoc|iPhone.ActiveCfg = Debug|Any CPU
		{14985D7F-C160-4DDA-81B0-E35400FC2082}.Ad-Hoc|iPhone.Build.0 = Debug|Any CPU
		{14985D7F-C160-4DDA-81B0-E35400FC2082}.AppStore|iPhone.ActiveCfg = Debug|Any CPU
		{14985D7F-C160-4DDA-81B0-E35400FC2082}.AppStore|iPhone.Build.0 = Debug|Any CPU
		{50CBDD7A-A6F5-474A-A712-C4E9E14AE999}.Debug|Any CPU.ActiveCfg = Debug|iPhoneSimulator
		{50CBDD7A-A6F5-474A-A712-C4E9E14AE999}.Debug|Any CPU.Build.0 = Debug|iPhoneSimulator
		{50CBDD7A-A6F5-474A-A712-C4E9E14AE999}.Release|Any CPU.ActiveCfg = Release|iPhoneSimulator
		{50CBDD7A-A6F5-474A-A712-C4E9E14AE999}.Release|Any CPU.Build.0 = Release|iPhoneSimulator
		{50CBDD7A-A6F5-474A-A712-C4E9E14AE999}.Debug|iPhoneSimulator.ActiveCfg = Debug|iPhoneSimulator
		{50CBDD7A-A6F5-474A-A712-C4E9E14AE999}.Debug|iPhoneSimulator.Build.0 = Debug|iPhoneSimulator
		{50CBDD7A-A6F5-474A-A712-C4E9E14AE999}.Release|iPhoneSimulator.ActiveCfg = Release|iPhoneSimulator
		{50CBDD7A-A6F5-474A-A712-C4E9E14AE999}.Release|iPhoneSimulator.Build.0 = Release|iPhoneSimulator
		{50CBDD7A-A6F5-474A-A712-C4E9E14AE999}.Debug|iPhone.ActiveCfg = Debug|iPhone
		{50CBDD7A-A6F5-474A-A712-C4E9E14AE999}.Debug|iPhone.Build.0 = Debug|iPhone
		{50CBDD7A-A6F5-474A-A712-C4E9E14AE999}.Release|iPhone.ActiveCfg = Release|iPhone
		{50CBDD7A-A6F5-474A-A712-C4E9E14AE999}.Release|iPhone.Build.0 = Release|iPhone
		{50CBDD7A-A6F5-474A-A712-C4E9E14AE999}.Ad-Hoc|iPhone.ActiveCfg = Ad-Hoc|iPhone
		{50CBDD7A-A6F5-474A-A712-C4E9E14AE999}.Ad-Hoc|iPhone.Build.0 = Ad-Hoc|iPhone
		{50CBDD7A-A6F5-474A-A712-C4E9E14AE999}.AppStore|iPhone.ActiveCfg = AppStore|iPhone
		{50CBDD7A-A6F5-474A-A712-C4E9E14AE999}.AppStore|iPhone.Build.0 = AppStore|iPhone
		{B19C892E-2628-4CA7-AD27-08D406A3B14B}.Debug|Any CPU.ActiveCfg = Debug|Any CPU
		{B19C892E-2628-4CA7-AD27-08D406A3B14B}.Debug|Any CPU.Build.0 = Debug|Any CPU
		{B19C892E-2628-4CA7-AD27-08D406A3B14B}.Release|Any CPU.ActiveCfg = Release|Any CPU
		{B19C892E-2628-4CA7-AD27-08D406A3B14B}.Release|Any CPU.Build.0 = Release|Any CPU
		{B19C892E-2628-4CA7-AD27-08D406A3B14B}.Debug|iPhoneSimulator.ActiveCfg = Debug|Any CPU
		{B19C892E-2628-4CA7-AD27-08D406A3B14B}.Debug|iPhoneSimulator.Build.0 = Debug|Any CPU
		{B19C892E-2628-4CA7-AD27-08D406A3B14B}.Release|iPhoneSimulator.ActiveCfg = Release|Any CPU
		{B19C892E-2628-4CA7-AD27-08D406A3B14B}.Release|iPhoneSimulator.Build.0 = Release|Any CPU
		{B19C892E-2628-4CA7-AD27-08D406A3B14B}.Debug|iPhone.ActiveCfg = Debug|Any CPU
		{B19C892E-2628-4CA7-AD27-08D406A3B14B}.Debug|iPhone.Build.0 = Debug|Any CPU
		{B19C892E-2628-4CA7-AD27-08D406A3B14B}.Release|iPhone.ActiveCfg = Release|Any CPU
		{B19C892E-2628-4CA7-AD27-08D406A3B14B}.Release|iPhone.Build.0 = Release|Any CPU
		{B19C892E-2628-4CA7-AD27-08D406A3B14B}.Ad-Hoc|iPhone.ActiveCfg = Debug|Any CPU
		{B19C892E-2628-4CA7-AD27-08D406A3B14B}.Ad-Hoc|iPhone.Build.0 = Debug|Any CPU
		{B19C892E-2628-4CA7-AD27-08D406A3B14B}.AppStore|iPhone.ActiveCfg = Debug|Any CPU
		{B19C892E-2628-4CA7-AD27-08D406A3B14B}.AppStore|iPhone.Build.0 = Debug|Any CPU
		{1317ED49-0F2D-4133-8C21-E11E4CE0E598}.Debug|Any CPU.ActiveCfg = Debug|Any CPU
		{1317ED49-0F2D-4133-8C21-E11E4CE0E598}.Debug|Any CPU.Build.0 = Debug|Any CPU
		{1317ED49-0F2D-4133-8C21-E11E4CE0E598}.Release|Any CPU.ActiveCfg = Release|Any CPU
		{1317ED49-0F2D-4133-8C21-E11E4CE0E598}.Release|Any CPU.Build.0 = Release|Any CPU
		{1317ED49-0F2D-4133-8C21-E11E4CE0E598}.Debug|iPhoneSimulator.ActiveCfg = Debug|Any CPU
		{1317ED49-0F2D-4133-8C21-E11E4CE0E598}.Debug|iPhoneSimulator.Build.0 = Debug|Any CPU
		{1317ED49-0F2D-4133-8C21-E11E4CE0E598}.Release|iPhoneSimulator.ActiveCfg = Release|Any CPU
		{1317ED49-0F2D-4133-8C21-E11E4CE0E598}.Release|iPhoneSimulator.Build.0 = Release|Any CPU
		{1317ED49-0F2D-4133-8C21-E11E4CE0E598}.Debug|iPhone.ActiveCfg = Debug|Any CPU
		{1317ED49-0F2D-4133-8C21-E11E4CE0E598}.Debug|iPhone.Build.0 = Debug|Any CPU
		{1317ED49-0F2D-4133-8C21-E11E4CE0E598}.Release|iPhone.ActiveCfg = Release|Any CPU
		{1317ED49-0F2D-4133-8C21-E11E4CE0E598}.Release|iPhone.Build.0 = Release|Any CPU
		{1317ED49-0F2D-4133-8C21-E11E4CE0E598}.Ad-Hoc|iPhone.ActiveCfg = Debug|Any CPU
		{1317ED49-0F2D-4133-8C21-E11E4CE0E598}.Ad-Hoc|iPhone.Build.0 = Debug|Any CPU
		{1317ED49-0F2D-4133-8C21-E11E4CE0E598}.AppStore|iPhone.ActiveCfg = Debug|Any CPU
		{1317ED49-0F2D-4133-8C21-E11E4CE0E598}.AppStore|iPhone.Build.0 = Debug|Any CPU
		{FEAE3F92-64F2-4F4D-B5E8-2FD02801A685}.Debug|Any CPU.ActiveCfg = Debug|Any CPU
		{FEAE3F92-64F2-4F4D-B5E8-2FD02801A685}.Debug|Any CPU.Build.0 = Debug|Any CPU
		{FEAE3F92-64F2-4F4D-B5E8-2FD02801A685}.Release|Any CPU.ActiveCfg = Release|Any CPU
		{FEAE3F92-64F2-4F4D-B5E8-2FD02801A685}.Release|Any CPU.Build.0 = Release|Any CPU
		{FEAE3F92-64F2-4F4D-B5E8-2FD02801A685}.Debug|iPhoneSimulator.ActiveCfg = Debug|Any CPU
		{FEAE3F92-64F2-4F4D-B5E8-2FD02801A685}.Debug|iPhoneSimulator.Build.0 = Debug|Any CPU
		{FEAE3F92-64F2-4F4D-B5E8-2FD02801A685}.Release|iPhoneSimulator.ActiveCfg = Release|Any CPU
		{FEAE3F92-64F2-4F4D-B5E8-2FD02801A685}.Release|iPhoneSimulator.Build.0 = Release|Any CPU
		{FEAE3F92-64F2-4F4D-B5E8-2FD02801A685}.Debug|iPhone.ActiveCfg = Debug|Any CPU
		{FEAE3F92-64F2-4F4D-B5E8-2FD02801A685}.Debug|iPhone.Build.0 = Debug|Any CPU
		{FEAE3F92-64F2-4F4D-B5E8-2FD02801A685}.Release|iPhone.ActiveCfg = Release|Any CPU
		{FEAE3F92-64F2-4F4D-B5E8-2FD02801A685}.Release|iPhone.Build.0 = Release|Any CPU
		{FEAE3F92-64F2-4F4D-B5E8-2FD02801A685}.Ad-Hoc|iPhone.ActiveCfg = Release|Any CPU
		{FEAE3F92-64F2-4F4D-B5E8-2FD02801A685}.Ad-Hoc|iPhone.Build.0 = Release|Any CPU
		{FEAE3F92-64F2-4F4D-B5E8-2FD02801A685}.AppStore|iPhone.ActiveCfg = Release|Any CPU
		{FEAE3F92-64F2-4F4D-B5E8-2FD02801A685}.AppStore|iPhone.Build.0 = Release|Any CPU
	EndGlobalSection
	GlobalSection(NestedProjects) = preSolution
		{1317ED49-0F2D-4133-8C21-E11E4CE0E598} = {6B553A60-E7C8-46EB-B45B-7F2E2D5CA3E2}
		{14985D7F-C160-4DDA-81B0-E35400FC2082} = {6B553A60-E7C8-46EB-B45B-7F2E2D5CA3E2}
		{50CBDD7A-A6F5-474A-A712-C4E9E14AE999} = {6B553A60-E7C8-46EB-B45B-7F2E2D5CA3E2}
		{B19C892E-2628-4CA7-AD27-08D406A3B14B} = {87560C2A-CF12-46EE-9ED5-1AAC7D2C8C8D}
		{FEAE3F92-64F2-4F4D-B5E8-2FD02801A685} = {87560C2A-CF12-46EE-9ED5-1AAC7D2C8C8D}
	EndGlobalSection
EndGlobal
